// !$*UTF8*$!
{
	archiveVersion = 1;
	classes = {
	};
	objectVersion = 46;
	objects = {

/* Begin PBXBuildFile section */
		E73C586019B40F7D007C498B /* Foundation.framework in Frameworks */ = {isa = PBXBuildFile; fileRef = E73C585F19B40F7D007C498B /* Foundation.framework */; };
		E73C586519B40F7D007C498B /* YDHttpClient.h in CopyFiles */ = {isa = PBXBuildFile; fileRef = E73C586419B40F7D007C498B /* YDHttpClient.h */; };
		E73C586719B40F7D007C498B /* YDHttpClient.m in Sources */ = {isa = PBXBuildFile; fileRef = E73C586619B40F7D007C498B /* YDHttpClient.m */; };
		E73C586E19B40F7D007C498B /* XCTest.framework in Frameworks */ = {isa = PBXBuildFile; fileRef = E73C586D19B40F7D007C498B /* XCTest.framework */; };
		E73C586F19B40F7D007C498B /* Foundation.framework in Frameworks */ = {isa = PBXBuildFile; fileRef = E73C585F19B40F7D007C498B /* Foundation.framework */; };
		E73C587119B40F7D007C498B /* UIKit.framework in Frameworks */ = {isa = PBXBuildFile; fileRef = E73C587019B40F7D007C498B /* UIKit.framework */; };
		E73C587419B40F7D007C498B /* libYDHttpClient.a in Frameworks */ = {isa = PBXBuildFile; fileRef = E73C585C19B40F7D007C498B /* libYDHttpClient.a */; };
		E73C587A19B40F7D007C498B /* InfoPlist.strings in Resources */ = {isa = PBXBuildFile; fileRef = E73C587819B40F7D007C498B /* InfoPlist.strings */; };
		E73C587C19B40F7D007C498B /* YDHttpClientTests.m in Sources */ = {isa = PBXBuildFile; fileRef = E73C587B19B40F7D007C498B /* YDHttpClientTests.m */; };
/* End PBXBuildFile section */

/* Begin PBXContainerItemProxy section */
		E73C587219B40F7D007C498B /* PBXContainerItemProxy */ = {
			isa = PBXContainerItemProxy;
			containerPortal = E73C585419B40F7D007C498B /* Project object */;
			proxyType = 1;
			remoteGlobalIDString = E73C585B19B40F7D007C498B;
			remoteInfo = YDHttpClient;
		};
/* End PBXContainerItemProxy section */

/* Begin PBXCopyFilesBuildPhase section */
		E73C585A19B40F7D007C498B /* CopyFiles */ = {
			isa = PBXCopyFilesBuildPhase;
			buildActionMask = 2147483647;
			dstPath = "include/$(PRODUCT_NAME)";
			dstSubfolderSpec = 16;
			files = (
				E73C586519B40F7D007C498B /* YDHttpClient.h in CopyFiles */,
			);
			runOnlyForDeploymentPostprocessing = 0;
		};
/* End PBXCopyFilesBuildPhase section */

/* Begin PBXFileReference section */
		E73C585C19B40F7D007C498B /* libYDHttpClient.a */ = {isa = PBXFileReference; explicitFileType = archive.ar; includeInIndex = 0; path = libYDHttpClient.a; sourceTree = BUILT_PRODUCTS_DIR; };
		E73C585F19B40F7D007C498B /* Foundation.framework */ = {isa = PBXFileReference; lastKnownFileType = wrapper.framework; name = Foundation.framework; path = System/Library/Frameworks/Foundation.framework; sourceTree = SDKROOT; };
		E73C586319B40F7D007C498B /* YDHttpClient-Prefix.pch */ = {isa = PBXFileReference; lastKnownFileType = sourcecode.c.h; path = "YDHttpClient-Prefix.pch"; sourceTree = "<group>"; };
		E73C586419B40F7D007C498B /* YDHttpClient.h */ = {isa = PBXFileReference; lastKnownFileType = sourcecode.c.h; path = YDHttpClient.h; sourceTree = "<group>"; };
		E73C586619B40F7D007C498B /* YDHttpClient.m */ = {isa = PBXFileReference; lastKnownFileType = sourcecode.c.objc; path = YDHttpClient.m; sourceTree = "<group>"; };
		E73C586C19B40F7D007C498B /* YDHttpClientTests.xctest */ = {isa = PBXFileReference; explicitFileType = wrapper.cfbundle; includeInIndex = 0; path = YDHttpClientTests.xctest; sourceTree = BUILT_PRODUCTS_DIR; };
		E73C586D19B40F7D007C498B /* XCTest.framework */ = {isa = PBXFileReference; lastKnownFileType = wrapper.framework; name = XCTest.framework; path = Library/Frameworks/XCTest.framework; sourceTree = DEVELOPER_DIR; };
		E73C587019B40F7D007C498B /* UIKit.framework */ = {isa = PBXFileReference; lastKnownFileType = wrapper.framework; name = UIKit.framework; path = Library/Frameworks/UIKit.framework; sourceTree = DEVELOPER_DIR; };
		E73C587719B40F7D007C498B /* YDHttpClientTests-Info.plist */ = {isa = PBXFileReference; lastKnownFileType = text.plist.xml; path = "YDHttpClientTests-Info.plist"; sourceTree = "<group>"; };
		E73C587919B40F7D007C498B /* en */ = {isa = PBXFileReference; lastKnownFileType = text.plist.strings; name = en; path = en.lproj/InfoPlist.strings; sourceTree = "<group>"; };
		E73C587B19B40F7D007C498B /* YDHttpClientTests.m */ = {isa = PBXFileReference; lastKnownFileType = sourcecode.c.objc; path = YDHttpClientTests.m; sourceTree = "<group>"; };
/* End PBXFileReference section */

/* Begin PBXFrameworksBuildPhase section */
		E73C585919B40F7D007C498B /* Frameworks */ = {
			isa = PBXFrameworksBuildPhase;
			buildActionMask = 2147483647;
			files = (
				E73C586019B40F7D007C498B /* Foundation.framework in Frameworks */,
			);
			runOnlyForDeploymentPostprocessing = 0;
		};
		E73C586919B40F7D007C498B /* Frameworks */ = {
			isa = PBXFrameworksBuildPhase;
			buildActionMask = 2147483647;
			files = (
				E73C586E19B40F7D007C498B /* XCTest.framework in Frameworks */,
				E73C587119B40F7D007C498B /* UIKit.framework in Frameworks */,
				E73C586F19B40F7D007C498B /* Foundation.framework in Frameworks */,
				E73C587419B40F7D007C498B /* libYDHttpClient.a in Frameworks */,
			);
			runOnlyForDeploymentPostprocessing = 0;
		};
/* End PBXFrameworksBuildPhase section */

/* Begin PBXGroup section */
		E73C585319B40F7D007C498B = {
			isa = PBXGroup;
			children = (
				E73C585E19B40F7D007C498B /* Frameworks */,
				E73C585D19B40F7D007C498B /* Products */,
				E73C586119B40F7D007C498B /* YDHttpClient */,
				E73C587519B40F7D007C498B /* YDHttpClientTests */,
			);
			sourceTree = "<group>";
		};
		E73C585D19B40F7D007C498B /* Products */ = {
			isa = PBXGroup;
			children = (
				E73C585C19B40F7D007C498B /* libYDHttpClient.a */,
				E73C586C19B40F7D007C498B /* YDHttpClientTests.xctest */,
			);
			name = Products;
			sourceTree = "<group>";
		};
		E73C585E19B40F7D007C498B /* Frameworks */ = {
			isa = PBXGroup;
			children = (
				E73C585F19B40F7D007C498B /* Foundation.framework */,
				E73C586D19B40F7D007C498B /* XCTest.framework */,
				E73C587019B40F7D007C498B /* UIKit.framework */,
			);
			name = Frameworks;
			sourceTree = "<group>";
		};
		E73C586119B40F7D007C498B /* YDHttpClient */ = {
			isa = PBXGroup;
			children = (
				E73C586419B40F7D007C498B /* YDHttpClient.h */,
				E73C586619B40F7D007C498B /* YDHttpClient.m */,
				E73C586219B40F7D007C498B /* Supporting Files */,
			);
			path = YDHttpClient;
			sourceTree = "<group>";
		};
		E73C586219B40F7D007C498B /* Supporting Files */ = {
			isa = PBXGroup;
			children = (
				E73C586319B40F7D007C498B /* YDHttpClient-Prefix.pch */,
			);
			name = "Supporting Files";
			sourceTree = "<group>";
		};
		E73C587519B40F7D007C498B /* YDHttpClientTests */ = {
			isa = PBXGroup;
			children = (
				E73C587B19B40F7D007C498B /* YDHttpClientTests.m */,
				E73C587619B40F7D007C498B /* Supporting Files */,
			);
			path = YDHttpClientTests;
			sourceTree = "<group>";
		};
		E73C587619B40F7D007C498B /* Supporting Files */ = {
			isa = PBXGroup;
			children = (
				E73C587719B40F7D007C498B /* YDHttpClientTests-Info.plist */,
				E73C587819B40F7D007C498B /* InfoPlist.strings */,
			);
			name = "Supporting Files";
			sourceTree = "<group>";
		};
/* End PBXGroup section */

/* Begin PBXNativeTarget section */
		E73C585B19B40F7D007C498B /* YDHttpClient */ = {
			isa = PBXNativeTarget;
			buildConfigurationList = E73C587F19B40F7D007C498B /* Build configuration list for PBXNativeTarget "YDHttpClient" */;
			buildPhases = (
				E73C585819B40F7D007C498B /* Sources */,
				E73C585919B40F7D007C498B /* Frameworks */,
				E73C585A19B40F7D007C498B /* CopyFiles */,
			);
			buildRules = (
			);
			dependencies = (
			);
			name = YDHttpClient;
			productName = YDHttpClient;
			productReference = E73C585C19B40F7D007C498B /* libYDHttpClient.a */;
			productType = "com.apple.product-type.library.static";
		};
		E73C586B19B40F7D007C498B /* YDHttpClientTests */ = {
			isa = PBXNativeTarget;
			buildConfigurationList = E73C588219B40F7D007C498B /* Build configuration list for PBXNativeTarget "YDHttpClientTests" */;
			buildPhases = (
				E73C586819B40F7D007C498B /* Sources */,
				E73C586919B40F7D007C498B /* Frameworks */,
				E73C586A19B40F7D007C498B /* Resources */,
			);
			buildRules = (
			);
			dependencies = (
				E73C587319B40F7D007C498B /* PBXTargetDependency */,
			);
			name = YDHttpClientTests;
			productName = YDHttpClientTests;
			productReference = E73C586C19B40F7D007C498B /* YDHttpClientTests.xctest */;
			productType = "com.apple.product-type.bundle.unit-test";
		};
/* End PBXNativeTarget section */

/* Begin PBXProject section */
		E73C585419B40F7D007C498B /* Project object */ = {
			isa = PBXProject;
			attributes = {
				LastUpgradeCheck = 0510;
				ORGANIZATIONNAME = ydhl;
			};
			buildConfigurationList = E73C585719B40F7D007C498B /* Build configuration list for PBXProject "YDHttpClient" */;
			compatibilityVersion = "Xcode 3.2";
			developmentRegion = English;
			hasScannedForEncodings = 0;
			knownRegions = (
				en,
			);
			mainGroup = E73C585319B40F7D007C498B;
			productRefGroup = E73C585D19B40F7D007C498B /* Products */;
			projectDirPath = "";
			projectRoot = "";
			targets = (
				E73C585B19B40F7D007C498B /* YDHttpClient */,
				E73C586B19B40F7D007C498B /* YDHttpClientTests */,
			);
		};
/* End PBXProject section */

/* Begin PBXResourcesBuildPhase section */
		E73C586A19B40F7D007C498B /* Resources */ = {
			isa = PBXResourcesBuildPhase;
			buildActionMask = 2147483647;
			files = (
				E73C587A19B40F7D007C498B /* InfoPlist.strings in Resources */,
			);
			runOnlyForDeploymentPostprocessing = 0;
		};
/* End PBXResourcesBuildPhase section */

/* Begin PBXSourcesBuildPhase section */
		E73C585819B40F7D007C498B /* Sources */ = {
			isa = PBXSourcesBuildPhase;
			buildActionMask = 2147483647;
			files = (
				E73C586719B40F7D007C498B /* YDHttpClient.m in Sources */,
			);
			runOnlyForDeploymentPostprocessing = 0;
		};
		E73C586819B40F7D007C498B /* Sources */ = {
			isa = PBXSourcesBuildPhase;
			buildActionMask = 2147483647;
			files = (
				E73C587C19B40F7D007C498B /* YDHttpClientTests.m in Sources */,
			);
			runOnlyForDeploymentPostprocessing = 0;
		};
/* End PBXSourcesBuildPhase section */

/* Begin PBXTargetDependency section */
		E73C587319B40F7D007C498B /* PBXTargetDependency */ = {
			isa = PBXTargetDependency;
			target = E73C585B19B40F7D007C498B /* YDHttpClient */;
			targetProxy = E73C587219B40F7D007C498B /* PBXContainerItemProxy */;
		};
/* End PBXTargetDependency section */

/* Begin PBXVariantGroup section */
		E73C587819B40F7D007C498B /* InfoPlist.strings */ = {
			isa = PBXVariantGroup;
			children = (
				E73C587919B40F7D007C498B /* en */,
			);
			name = InfoPlist.strings;
			sourceTree = "<group>";
		};
/* End PBXVariantGroup section */

/* Begin XCBuildConfiguration section */
		E73C587D19B40F7D007C498B /* Debug */ = {
			isa = XCBuildConfiguration;
			buildSettings = {
				ALWAYS_SEARCH_USER_PATHS = YES;
				CLANG_CXX_LANGUAGE_STANDARD = "gnu++0x";
				CLANG_CXX_LIBRARY = "libc++";
				CLANG_ENABLE_MODULES = YES;
				CLANG_ENABLE_OBJC_ARC = YES;
				CLANG_WARN_BOOL_CONVERSION = YES;
				CLANG_WARN_CONSTANT_CONVERSION = YES;
				CLANG_WARN_DIRECT_OBJC_ISA_USAGE = YES_ERROR;
				CLANG_WARN_EMPTY_BODY = YES;
				CLANG_WARN_ENUM_CONVERSION = YES;
				CLANG_WARN_INT_CONVERSION = YES;
				CLANG_WARN_OBJC_ROOT_CLASS = YES_ERROR;
				CLANG_WARN__DUPLICATE_METHOD_MATCH = YES;
				COPY_PHASE_STRIP = NO;
				GCC_C_LANGUAGE_STANDARD = gnu99;
				GCC_DYNAMIC_NO_PIC = NO;
				GCC_OPTIMIZATION_LEVEL = 0;
				GCC_PREPROCESSOR_DEFINITIONS = (
					"DEBUG=1",
					"$(inherited)",
				);
				GCC_SYMBOLS_PRIVATE_EXTERN = NO;
				GCC_WARN_64_TO_32_BIT_CONVERSION = YES;
				GCC_WARN_ABOUT_RETURN_TYPE = YES_ERROR;
				GCC_WARN_UNDECLARED_SELECTOR = YES;
				GCC_WARN_UNINITIALIZED_AUTOS = YES_AGGRESSIVE;
				GCC_WARN_UNUSED_FUNCTION = YES;
				GCC_WARN_UNUSED_VARIABLE = YES;
				IPHONEOS_DEPLOYMENT_TARGET = 6.0;
				ONLY_ACTIVE_ARCH = NO;
				SDKROOT = iphoneos;
				VALID_ARCHS = "arm64 armv7 armv7s i386";
			};
			name = Debug;
		};
		E73C587E19B40F7D007C498B /* Release */ = {
			isa = XCBuildConfiguration;
			buildSettings = {
				ALWAYS_SEARCH_USER_PATHS = YES;
				CLANG_CXX_LANGUAGE_STANDARD = "gnu++0x";
				CLANG_CXX_LIBRARY = "libc++";
				CLANG_ENABLE_MODULES = YES;
				CLANG_ENABLE_OBJC_ARC = YES;
				CLANG_WARN_BOOL_CONVERSION = YES;
				CLANG_WARN_CONSTANT_CONVERSION = YES;
				CLANG_WARN_DIRECT_OBJC_ISA_USAGE = YES_ERROR;
				CLANG_WARN_EMPTY_BODY = YES;
				CLANG_WARN_ENUM_CONVERSION = YES;
				CLANG_WARN_INT_CONVERSION = YES;
				CLANG_WARN_OBJC_ROOT_CLASS = YES_ERROR;
				CLANG_WARN__DUPLICATE_METHOD_MATCH = YES;
				COPY_PHASE_STRIP = YES;
				ENABLE_NS_ASSERTIONS = NO;
				GCC_C_LANGUAGE_STANDARD = gnu99;
				GCC_WARN_64_TO_32_BIT_CONVERSION = YES;
				GCC_WARN_ABOUT_RETURN_TYPE = YES_ERROR;
				GCC_WARN_UNDECLARED_SELECTOR = YES;
				GCC_WARN_UNINITIALIZED_AUTOS = YES_AGGRESSIVE;
				GCC_WARN_UNUSED_FUNCTION = YES;
				GCC_WARN_UNUSED_VARIABLE = YES;
				IPHONEOS_DEPLOYMENT_TARGET = 6.0;
				ONLY_ACTIVE_ARCH = NO;
				SDKROOT = iphoneos;
				VALIDATE_PRODUCT = YES;
				VALID_ARCHS = "arm64 armv7 armv7s i386";
			};
			name = Release;
		};
		E73C588019B40F7D007C498B /* Debug */ = {
			isa = XCBuildConfiguration;
			buildSettings = {
				ARCHS = "$(ARCHS_STANDARD)";
				DSTROOT = /tmp/YDHttpClient.dst;
				GCC_PRECOMPILE_PREFIX_HEADER = YES;
				GCC_PREFIX_HEADER = "YDHttpClient/YDHttpClient-Prefix.pch";
				ONLY_ACTIVE_ARCH = NO;
				OTHER_LDFLAGS = "-ObjC";
				PRODUCT_NAME = "$(TARGET_NAME)";
				SKIP_INSTALL = YES;
				TARGETED_DEVICE_FAMILY = "1,2";
				VALID_ARCHS = "arm64 armv7 armv7s i386";
			};
			name = Debug;
		};
		E73C588119B40F7D007C498B /* Release */ = {
			isa = XCBuildConfiguration;
			buildSettings = {
				ARCHS = "$(ARCHS_STANDARD)";
				DSTROOT = /tmp/YDHttpClient.dst;
				GCC_PRECOMPILE_PREFIX_HEADER = YES;
				GCC_PREFIX_HEADER = "YDHttpClient/YDHttpClient-Prefix.pch";
				ONLY_ACTIVE_ARCH = NO;
				OTHER_LDFLAGS = "-ObjC";
				PRODUCT_NAME = "$(TARGET_NAME)";
				SKIP_INSTALL = YES;
				TARGETED_DEVICE_FAMILY = "1,2";
				VALID_ARCHS = "arm64 armv7 armv7s i386";
			};
			name = Release;
		};
		E73C588319B40F7D007C498B /* Debug */ = {
			isa = XCBuildConfiguration;
			buildSettings = {
				FRAMEWORK_SEARCH_PATHS = (
					"$(SDKROOT)/Developer/Library/Frameworks",
					"$(inherited)",
					"$(DEVELOPER_FRAMEWORKS_DIR)",
				);
				GCC_PRECOMPILE_PREFIX_HEADER = YES;
				GCC_PREFIX_HEADER = "YDHttpClient/YDHttpClient-Prefix.pch";
				GCC_PREPROCESSOR_DEFINITIONS = (
					"DEBUG=1",
					"$(inherited)",
				);
				INFOPLIST_FILE = "YDHttpClientTests/YDHttpClientTests-Info.plist";
				PRODUCT_NAME = "$(TARGET_NAME)";
				WRAPPER_EXTENSION = xctest;
			};
			name = Debug;
		};
		E73C588419B40F7D007C498B /* Release */ = {
			isa = XCBuildConfiguration;
			buildSettings = {
				FRAMEWORK_SEARCH_PATHS = (
					"$(SDKROOT)/Developer/Library/Frameworks",
					"$(inherited)",
					"$(DEVELOPER_FRAMEWORKS_DIR)",
				);
				GCC_PRECOMPILE_PREFIX_HEADER = YES;
				GCC_PREFIX_HEADER = "YDHttpClient/YDHttpClient-Prefix.pch";
				INFOPLIST_FILE = "YDHttpClientTests/YDHttpClientTests-Info.plist";
				PRODUCT_NAME = "$(TARGET_NAME)";
				WRAPPER_EXTENSION = xctest;
			};
			name = Release;
		};
/* End XCBuildConfiguration section */

/* Begin XCConfigurationList section */
		E73C585719B40F7D007C498B /* Build configuration list for PBXProject "YDHttpClient" */ = {
			isa = XCConfigurationList;
			buildConfigurations = (
				E73C587D19B40F7D007C498B /* Debug */,
				E73C587E19B40F7D007C498B /* Release */,
			);
			defaultConfigurationIsVisible = 0;
			defaultConfigurationName = Release;
		};
		E73C587F19B40F7D007C498B /* Build configuration list for PBXNativeTarget "YDHttpClient" */ = {
			isa = XCConfigurationList;
			buildConfigurations = (
				E73C588019B40F7D007C498B /* Debug */,
				E73C588119B40F7D007C498B /* Release */,
			);
			defaultConfigurationIsVisible = 0;
			defaultConfigurationName = Release;
		};
		E73C588219B40F7D007C498B /* Build configuration list for PBXNativeTarget "YDHttpClientTests" */ = {
			isa = XCConfigurationList;
			buildConfigurations = (
				E73C588319B40F7D007C498B /* Debug */,
				E73C588419B40F7D007C498B /* Release */,
			);
			defaultConfigurationIsVisible = 0;
			defaultConfigurationName = Release;
		};
/* End XCConfigurationList section */
	};
	rootObject = E73C585419B40F7D007C498B /* Project object */;
}
